// !$*UTF8*$!
{
	archiveVersion = 1;
	classes = {
	};
	objectVersion = 46;
	objects = {

/* Begin PBXBuildFile section */
		3BBE50EA1C6F2B55006E324D /* integrate.cpp in Sources */ = {isa = PBXBuildFile; fileRef = 3BBE50E91C6F2B55006E324D /* integrate.cpp */; };
		3BBE50F01C6F33C8006E324D /* main.cpp in Sources */ = {isa = PBXBuildFile; fileRef = 3BBE50EF1C6F33C8006E324D /* main.cpp */; };
		3BBE50F41C6F3428006E324D /* data.cpp in Sources */ = {isa = PBXBuildFile; fileRef = 3BBE50F21C6F3428006E324D /* data.cpp */; };
		C3FC29251C76BB2000F8F64F /* matrix.cpp in Sources */ = {isa = PBXBuildFile; fileRef = C3FC29231C76BB2000F8F64F /* matrix.cpp */; };
/* End PBXBuildFile section */

/* Begin PBXCopyFilesBuildPhase section */
		3BBE50DC1C6F2AE3006E324D /* CopyFiles */ = {
			isa = PBXCopyFilesBuildPhase;
			buildActionMask = 2147483647;
			dstPath = /usr/share/man/man1/;
			dstSubfolderSpec = 0;
			files = (
			);
			runOnlyForDeploymentPostprocessing = 1;
		};
/* End PBXCopyFilesBuildPhase section */

/* Begin PBXFileReference section */
		3BBE50E91C6F2B55006E324D /* integrate.cpp */ = {isa = PBXFileReference; fileEncoding = 4; lastKnownFileType = sourcecode.cpp.cpp; path = integrate.cpp; sourceTree = "<group>"; };
		3BBE50EC1C6F2BE9006E324D /* README.md */ = {isa = PBXFileReference; fileEncoding = 4; lastKnownFileType = net.daringfireball.markdown; path = README.md; sourceTree = "<group>"; };
		3BBE50EE1C6F3389006E324D /* miniature-space-man */ = {isa = PBXFileReference; explicitFileType = "compiled.mach-o.executable"; includeInIndex = 0; path = "miniature-space-man"; sourceTree = BUILT_PRODUCTS_DIR; };
		3BBE50EF1C6F33C8006E324D /* main.cpp */ = {isa = PBXFileReference; fileEncoding = 4; lastKnownFileType = sourcecode.cpp.cpp; path = main.cpp; sourceTree = "<group>"; };
		3BBE50F11C6F33FA006E324D /* integrate.hpp */ = {isa = PBXFileReference; lastKnownFileType = sourcecode.cpp.h; path = integrate.hpp; sourceTree = "<group>"; };
		3BBE50F21C6F3428006E324D /* data.cpp */ = {isa = PBXFileReference; fileEncoding = 4; lastKnownFileType = sourcecode.cpp.cpp; path = data.cpp; sourceTree = "<group>"; };
		3BBE50F31C6F3428006E324D /* data.hpp */ = {isa = PBXFileReference; fileEncoding = 4; lastKnownFileType = sourcecode.cpp.h; path = data.hpp; sourceTree = "<group>"; };
		C3FC29231C76BB2000F8F64F /* matrix.cpp */ = {isa = PBXFileReference; fileEncoding = 4; lastKnownFileType = sourcecode.cpp.cpp; path = matrix.cpp; sourceTree = "<group>"; };
		C3FC29241C76BB2000F8F64F /* matrix.hpp */ = {isa = PBXFileReference; fileEncoding = 4; lastKnownFileType = sourcecode.cpp.h; path = matrix.hpp; sourceTree = "<group>"; };
/* End PBXFileReference section */

/* Begin PBXFrameworksBuildPhase section */
		3BBE50DB1C6F2AE3006E324D /* Frameworks */ = {
			isa = PBXFrameworksBuildPhase;
			buildActionMask = 2147483647;
			files = (
			);
			runOnlyForDeploymentPostprocessing = 0;
		};
/* End PBXFrameworksBuildPhase section */

/* Begin PBXGroup section */
		3BBE50D51C6F2AE3006E324D = {
			isa = PBXGroup;
			children = (
				3BBE50EC1C6F2BE9006E324D /* README.md */,
				3BBE50EF1C6F33C8006E324D /* main.cpp */,
				3BBE50E81C6F2B55006E324D /* src */,
				3BBE50EE1C6F3389006E324D /* miniature-space-man */,
			);
			sourceTree = "<group>";
		};
		3BBE50E81C6F2B55006E324D /* src */ = {
			isa = PBXGroup;
			children = (
				3BBE50E91C6F2B55006E324D /* integrate.cpp */,
				3BBE50F11C6F33FA006E324D /* integrate.hpp */,
				3BBE50F21C6F3428006E324D /* data.cpp */,
				3BBE50F31C6F3428006E324D /* data.hpp */,
				C3FC29231C76BB2000F8F64F /* matrix.cpp */,
				C3FC29241C76BB2000F8F64F /* matrix.hpp */,
			);
			path = src;
			sourceTree = "<group>";
		};
/* End PBXGroup section */

/* Begin PBXNativeTarget section */
		3BBE50DD1C6F2AE3006E324D /* miniature-space-man */ = {
			isa = PBXNativeTarget;
			buildConfigurationList = 3BBE50E51C6F2AE3006E324D /* Build configuration list for PBXNativeTarget "miniature-space-man" */;
			buildPhases = (
				3BBE50DA1C6F2AE3006E324D /* Sources */,
				3BBE50DB1C6F2AE3006E324D /* Frameworks */,
				3BBE50DC1C6F2AE3006E324D /* CopyFiles */,
			);
			buildRules = (
			);
			dependencies = (
			);
			name = "miniature-space-man";
			productName = "miniature-space-man";
			productReference = 3BBE50EE1C6F3389006E324D /* miniature-space-man */;
			productType = "com.apple.product-type.tool";
		};
/* End PBXNativeTarget section */

/* Begin PBXProject section */
		3BBE50D61C6F2AE3006E324D /* Project object */ = {
			isa = PBXProject;
			attributes = {
				LastUpgradeCheck = 0720;
				ORGANIZATIONNAME = "Ivan Welsh";
				TargetAttributes = {
					3BBE50DD1C6F2AE3006E324D = {
						CreatedOnToolsVersion = 7.2;
					};
				};
			};
			buildConfigurationList = 3BBE50D91C6F2AE3006E324D /* Build configuration list for PBXProject "miniature-space-man" */;
			compatibilityVersion = "Xcode 3.2";
			developmentRegion = English;
			hasScannedForEncodings = 0;
			knownRegions = (
				en,
			);
			mainGroup = 3BBE50D51C6F2AE3006E324D;
			productRefGroup = 3BBE50D51C6F2AE3006E324D;
			projectDirPath = "";
			projectRoot = "";
			targets = (
				3BBE50DD1C6F2AE3006E324D /* miniature-space-man */,
			);
		};
/* End PBXProject section */

/* Begin PBXSourcesBuildPhase section */
		3BBE50DA1C6F2AE3006E324D /* Sources */ = {
			isa = PBXSourcesBuildPhase;
			buildActionMask = 2147483647;
			files = (
				3BBE50EA1C6F2B55006E324D /* integrate.cpp in Sources */,
				3BBE50F01C6F33C8006E324D /* main.cpp in Sources */,
				C3FC29251C76BB2000F8F64F /* matrix.cpp in Sources */,
				3BBE50F41C6F3428006E324D /* data.cpp in Sources */,
			);
			runOnlyForDeploymentPostprocessing = 0;
		};
/* End PBXSourcesBuildPhase section */

/* Begin XCBuildConfiguration section */
		3BBE50E31C6F2AE3006E324D /* Debug */ = {
			isa = XCBuildConfiguration;
			buildSettings = {
				ALWAYS_SEARCH_USER_PATHS = NO;
				CLANG_CXX_LANGUAGE_STANDARD = "gnu++0x";
				CLANG_CXX_LIBRARY = "libc++";
				CLANG_ENABLE_MODULES = YES;
				CLANG_ENABLE_OBJC_ARC = YES;
				CLANG_WARN_BOOL_CONVERSION = YES;
				CLANG_WARN_CONSTANT_CONVERSION = YES;
				CLANG_WARN_DIRECT_OBJC_ISA_USAGE = YES_ERROR;
				CLANG_WARN_EMPTY_BODY = YES;
				CLANG_WARN_ENUM_CONVERSION = YES;
				CLANG_WARN_INT_CONVERSION = YES;
				CLANG_WARN_OBJC_ROOT_CLASS = YES_ERROR;
				CLANG_WARN_UNREACHABLE_CODE = YES;
				CLANG_WARN__DUPLICATE_METHOD_MATCH = YES;
				CODE_SIGN_IDENTITY = "-";
				COPY_PHASE_STRIP = NO;
				DEBUG_INFORMATION_FORMAT = dwarf;
				ENABLE_STRICT_OBJC_MSGSEND = YES;
				ENABLE_TESTABILITY = YES;
				GCC_C_LANGUAGE_STANDARD = gnu99;
				GCC_DYNAMIC_NO_PIC = NO;
				GCC_NO_COMMON_BLOCKS = YES;
				GCC_OPTIMIZATION_LEVEL = 0;
				GCC_PREPROCESSOR_DEFINITIONS = (
					"DEBUG=1",
					"$(inherited)",
				);
				GCC_WARN_64_TO_32_BIT_CONVERSION = YES;
				GCC_WARN_ABOUT_RETURN_TYPE = YES_ERROR;
				GCC_WARN_UNDECLARED_SELECTOR = YES;
				GCC_WARN_UNINITIALIZED_AUTOS = YES_AGGRESSIVE;
				GCC_WARN_UNUSED_FUNCTION = YES;
				GCC_WARN_UNUSED_VARIABLE = YES;
				HEADER_SEARCH_PATHS = /opt/local/include;
				LIBRARY_SEARCH_PATHS = /opt/local/lib;
				MACOSX_DEPLOYMENT_TARGET = 10.11;
				MTL_ENABLE_DEBUG_INFO = YES;
				ONLY_ACTIVE_ARCH = YES;
				SDKROOT = macosx;
			};
			name = Debug;
		};
		3BBE50E41C6F2AE3006E324D /* Release */ = {
			isa = XCBuildConfiguration;
			buildSettings = {
				ALWAYS_SEARCH_USER_PATHS = NO;
				CLANG_CXX_LANGUAGE_STANDARD = "gnu++0x";
				CLANG_CXX_LIBRARY = "libc++";
				CLANG_ENABLE_MODULES = YES;
				CLANG_ENABLE_OBJC_ARC = YES;
				CLANG_WARN_BOOL_CONVERSION = YES;
				CLANG_WARN_CONSTANT_CONVERSION = YES;
				CLANG_WARN_DIRECT_OBJC_ISA_USAGE = YES_ERROR;
				CLANG_WARN_EMPTY_BODY = YES;
				CLANG_WARN_ENUM_CONVERSION = YES;
				CLANG_WARN_INT_CONVERSION = YES;
				CLANG_WARN_OBJC_ROOT_CLASS = YES_ERROR;
				CLANG_WARN_UNREACHABLE_CODE = YES;
				CLANG_WARN__DUPLICATE_METHOD_MATCH = YES;
				CODE_SIGN_IDENTITY = "-";
				COPY_PHASE_STRIP = NO;
				DEBUG_INFORMATION_FORMAT = "dwarf-with-dsym";
				ENABLE_NS_ASSERTIONS = NO;
				ENABLE_STRICT_OBJC_MSGSEND = YES;
				GCC_C_LANGUAGE_STANDARD = gnu99;
				GCC_NO_COMMON_BLOCKS = YES;
				GCC_WARN_64_TO_32_BIT_CONVERSION = YES;
				GCC_WARN_ABOUT_RETURN_TYPE = YES_ERROR;
				GCC_WARN_UNDECLARED_SELECTOR = YES;
				GCC_WARN_UNINITIALIZED_AUTOS = YES_AGGRESSIVE;
				GCC_WARN_UNUSED_FUNCTION = YES;
				GCC_WARN_UNUSED_VARIABLE = YES;
				HEADER_SEARCH_PATHS = /opt/local/include;
				LIBRARY_SEARCH_PATHS = /opt/local/lib;
				MACOSX_DEPLOYMENT_TARGET = 10.11;
				MTL_ENABLE_DEBUG_INFO = NO;
				SDKROOT = macosx;
			};
			name = Release;
		};
		3BBE50E61C6F2AE3006E324D /* Debug */ = {
			isa = XCBuildConfiguration;
			buildSettings = {
				HEADER_SEARCH_PATHS = (
					/usr/local/include,
					/opt/local/include,
				);
				LIBRARY_SEARCH_PATHS = (
					/usr/local/lib,
					/opt/local/lib,
				);
				PRODUCT_NAME = "$(TARGET_NAME)";
			};
			name = Debug;
		};
		3BBE50E71C6F2AE3006E324D /* Release */ = {
			isa = XCBuildConfiguration;
			buildSettings = {
				HEADER_SEARCH_PATHS = (
					/usr/local/include,
					/opt/local/include,
				);
				LIBRARY_SEARCH_PATHS = (
					/usr/local/lib,
					/opt/local/lib,
				);
				PRODUCT_NAME = "$(TARGET_NAME)";
			};
			name = Release;
		};
/* End XCBuildConfiguration section */

/* Begin XCConfigurationList section */
		3BBE50D91C6F2AE3006E324D /* Build configuration list for PBXProject "miniature-space-man" */ = {
			isa = XCConfigurationList;
			buildConfigurations = (
				3BBE50E31C6F2AE3006E324D /* Debug */,
				3BBE50E41C6F2AE3006E324D /* Release */,
			);
			defaultConfigurationIsVisible = 0;
			defaultConfigurationName = Release;
		};
		3BBE50E51C6F2AE3006E324D /* Build configuration list for PBXNativeTarget "miniature-space-man" */ = {
			isa = XCConfigurationList;
			buildConfigurations = (
				3BBE50E61C6F2AE3006E324D /* Debug */,
				3BBE50E71C6F2AE3006E324D /* Release */,
			);
			defaultConfigurationIsVisible = 0;
			defaultConfigurationName = Release;
		};
/* End XCConfigurationList section */
	};
	rootObject = 3BBE50D61C6F2AE3006E324D /* Project object */;
}
